
Microsoft Visual Studio Solution File, Format Version 12.00
# Visual Studio 15
VisualStudioVersion = 15.0.28307.271
MinimumVisualStudioVersion = 10.0.40219.1
Project("{9A19103F-16F7-4668-BE54-9A1E7A4F7556}") = "Sudoku.Core", "Sudoku.Core\Sudoku.Core.csproj", "{F6E99F24-3CAD-4FD1-A0A0-143784167309}"
EndProject
Project("{9A19103F-16F7-4668-BE54-9A1E7A4F7556}") = "Sudoku.Core.Test", "Sudoku.Core.Test\Sudoku.Core.Test.csproj", "{D8E4FCCF-84ED-4E0B-BABA-18509C78C137}"
EndProject
Project("{9A19103F-16F7-4668-BE54-9A1E7A4F7556}") = "Sudoku.ConsoleApp", "Sudoku.ConsoleApp\Sudoku.ConsoleApp.csproj", "{AB2294A0-F814-40E8-8210-66FAF972B738}"
EndProject
Global
	GlobalSection(SolutionConfigurationPlatforms) = preSolution
		Debug|Any CPU = Debug|Any CPU
		Debug|ARM = Debug|ARM
		Debug|ARM64 = Debug|ARM64
		Debug|x64 = Debug|x64
		Debug|x86 = Debug|x86
		Release|Any CPU = Release|Any CPU
		Release|ARM = Release|ARM
		Release|ARM64 = Release|ARM64
		Release|x64 = Release|x64
		Release|x86 = Release|x86
	EndGlobalSection
	GlobalSection(ProjectConfigurationPlatforms) = postSolution
		{F6E99F24-3CAD-4FD1-A0A0-143784167309}.Debug|Any CPU.ActiveCfg = Debug|Any CPU
		{F6E99F24-3CAD-4FD1-A0A0-143784167309}.Debug|Any CPU.Build.0 = Debug|Any CPU
		{F6E99F24-3CAD-4FD1-A0A0-143784167309}.Debug|ARM.ActiveCfg = Debug|Any CPU
		{F6E99F24-3CAD-4FD1-A0A0-143784167309}.Debug|ARM.Build.0 = Debug|Any CPU
		{F6E99F24-3CAD-4FD1-A0A0-143784167309}.Debug|ARM64.ActiveCfg = Debug|Any CPU
		{F6E99F24-3CAD-4FD1-A0A0-143784167309}.Debug|ARM64.Build.0 = Debug|Any CPU
		{F6E99F24-3CAD-4FD1-A0A0-143784167309}.Debug|x64.ActiveCfg = Debug|Any CPU
		{F6E99F24-3CAD-4FD1-A0A0-143784167309}.Debug|x64.Build.0 = Debug|Any CPU
		{F6E99F24-3CAD-4FD1-A0A0-143784167309}.Debug|x86.ActiveCfg = Debug|Any CPU
		{F6E99F24-3CAD-4FD1-A0A0-143784167309}.Debug|x86.Build.0 = Debug|Any CPU
		{F6E99F24-3CAD-4FD1-A0A0-143784167309}.Release|Any CPU.ActiveCfg = Release|Any CPU
		{F6E99F24-3CAD-4FD1-A0A0-143784167309}.Release|Any CPU.Build.0 = Release|Any CPU
		{F6E99F24-3CAD-4FD1-A0A0-143784167309}.Release|ARM.ActiveCfg = Release|Any CPU
		{F6E99F24-3CAD-4FD1-A0A0-143784167309}.Release|ARM.Build.0 = Release|Any CPU
		{F6E99F24-3CAD-4FD1-A0A0-143784167309}.Release|ARM64.ActiveCfg = Release|Any CPU
		{F6E99F24-3CAD-4FD1-A0A0-143784167309}.Release|ARM64.Build.0 = Release|Any CPU
		{F6E99F24-3CAD-4FD1-A0A0-143784167309}.Release|x64.ActiveCfg = Release|Any CPU
		{F6E99F24-3CAD-4FD1-A0A0-143784167309}.Release|x64.Build.0 = Release|Any CPU
		{F6E99F24-3CAD-4FD1-A0A0-143784167309}.Release|x86.ActiveCfg = Release|Any CPU
		{F6E99F24-3CAD-4FD1-A0A0-143784167309}.Release|x86.Build.0 = Release|Any CPU
		{D8E4FCCF-84ED-4E0B-BABA-18509C78C137}.Debug|Any CPU.ActiveCfg = Debug|Any CPU
		{D8E4FCCF-84ED-4E0B-BABA-18509C78C137}.Debug|Any CPU.Build.0 = Debug|Any CPU
		{D8E4FCCF-84ED-4E0B-BABA-18509C78C137}.Debug|ARM.ActiveCfg = Debug|Any CPU
		{D8E4FCCF-84ED-4E0B-BABA-18509C78C137}.Debug|ARM.Build.0 = Debug|Any CPU
		{D8E4FCCF-84ED-4E0B-BABA-18509C78C137}.Debug|ARM64.ActiveCfg = Debug|Any CPU
		{D8E4FCCF-84ED-4E0B-BABA-18509C78C137}.Debug|ARM64.Build.0 = Debug|Any CPU
		{D8E4FCCF-84ED-4E0B-BABA-18509C78C137}.Debug|x64.ActiveCfg = Debug|Any CPU
		{D8E4FCCF-84ED-4E0B-BABA-18509C78C137}.Debug|x64.Build.0 = Debug|Any CPU
		{D8E4FCCF-84ED-4E0B-BABA-18509C78C137}.Debug|x86.ActiveCfg = Debug|Any CPU
		{D8E4FCCF-84ED-4E0B-BABA-18509C78C137}.Debug|x86.Build.0 = Debug|Any CPU
		{D8E4FCCF-84ED-4E0B-BABA-18509C78C137}.Release|Any CPU.ActiveCfg = Release|Any CPU
		{D8E4FCCF-84ED-4E0B-BABA-18509C78C137}.Release|Any CPU.Build.0 = Release|Any CPU
		{D8E4FCCF-84ED-4E0B-BABA-18509C78C137}.Release|ARM.ActiveCfg = Release|Any CPU
		{D8E4FCCF-84ED-4E0B-BABA-18509C78C137}.Release|ARM.Build.0 = Release|Any CPU
		{D8E4FCCF-84ED-4E0B-BABA-18509C78C137}.Release|ARM64.ActiveCfg = Release|Any CPU
		{D8E4FCCF-84ED-4E0B-BABA-18509C78C137}.Release|ARM64.Build.0 = Release|Any CPU
		{D8E4FCCF-84ED-4E0B-BABA-18509C78C137}.Release|x64.ActiveCfg = Release|Any CPU
		{D8E4FCCF-84ED-4E0B-BABA-18509C78C137}.Release|x64.Build.0 = Release|Any CPU
		{D8E4FCCF-84ED-4E0B-BABA-18509C78C137}.Release|x86.ActiveCfg = Release|Any CPU
		{D8E4FCCF-84ED-4E0B-BABA-18509C78C137}.Release|x86.Build.0 = Release|Any CPU
		{AB2294A0-F814-40E8-8210-66FAF972B738}.Debug|Any CPU.ActiveCfg = Debug|Any CPU
		{AB2294A0-F814-40E8-8210-66FAF972B738}.Debug|Any CPU.Build.0 = Debug|Any CPU
		{AB2294A0-F814-40E8-8210-66FAF972B738}.Debug|ARM.ActiveCfg = Debug|Any CPU
		{AB2294A0-F814-40E8-8210-66FAF972B738}.Debug|ARM.Build.0 = Debug|Any CPU
		{AB2294A0-F814-40E8-8210-66FAF972B738}.Debug|ARM64.ActiveCfg = Debug|Any CPU
		{AB2294A0-F814-40E8-8210-66FAF972B738}.Debug|ARM64.Build.0 = Debug|Any CPU
		{AB2294A0-F814-40E8-8210-66FAF972B738}.Debug|x64.ActiveCfg = Debug|Any CPU
		{AB2294A0-F814-40E8-8210-66FAF972B738}.Debug|x64.Build.0 = Debug|Any CPU
		{AB2294A0-F814-40E8-8210-66FAF972B738}.Debug|x86.ActiveCfg = Debug|Any CPU
		{AB2294A0-F814-40E8-8210-66FAF972B738}.Debug|x86.Build.0 = Debug|Any CPU
		{AB2294A0-F814-40E8-8210-66FAF972B738}.Release|Any CPU.ActiveCfg = Release|Any CPU
		{AB2294A0-F814-40E8-8210-66FAF972B738}.Release|Any CPU.Build.0 = Release|Any CPU
		{AB2294A0-F814-40E8-8210-66FAF972B738}.Release|ARM.ActiveCfg = Release|Any CPU
		{AB2294A0-F814-40E8-8210-66FAF972B738}.Release|ARM.Build.0 = Release|Any CPU
		{AB2294A0-F814-40E8-8210-66FAF972B738}.Release|ARM64.ActiveCfg = Release|Any CPU
		{AB2294A0-F814-40E8-8210-66FAF972B738}.Release|ARM64.Build.0 = Release|Any CPU
		{AB2294A0-F814-40E8-8210-66FAF972B738}.Release|x64.ActiveCfg = Release|Any CPU
		{AB2294A0-F814-40E8-8210-66FAF972B738}.Release|x64.Build.0 = Release|Any CPU
		{AB2294A0-F814-40E8-8210-66FAF972B738}.Release|x86.ActiveCfg = Release|Any CPU
		{AB2294A0-F814-40E8-8210-66FAF972B738}.Release|x86.Build.0 = Release|Any CPU
	EndGlobalSection
	GlobalSection(SolutionProperties) = preSolution
		HideSolutionNode = FALSE
	EndGlobalSection
	GlobalSection(ExtensibilityGlobals) = postSolution
		SolutionGuid = {FCE47BA7-7EF8-477D-9E96-B37874021E2C}
	EndGlobalSection
EndGlobal
